
Microsoft Visual Studio Solution File, Format Version 12.00
# Visual Studio 15
VisualStudioVersion = 15.0.28307.1267
MinimumVisualStudioVersion = 10.0.40219.1
Project("{FAE04EC0-301F-11D3-BF4B-00C04F79EFBC}") = "LearningLists", "LearningLists\LearningLists.csproj", "{2A1C0E11-08BC-4FFC-BBD0-CCE4E4CE0926}"
EndProject
Global
	GlobalSection(SolutionConfigurationPlatforms) = preSolution
		Debug|Any CPU = Debug|Any CPU
		Release|Any CPU = Release|Any CPU
	EndGlobalSection
	GlobalSection(ProjectConfigurationPlatforms) = postSolution
		{2A1C0E11-08BC-4FFC-BBD0-CCE4E4CE0926}.Debug|Any CPU.ActiveCfg = Debug|Any CPU
		{2A1C0E11-08BC-4FFC-BBD0-CCE4E4CE0926}.Debug|Any CPU.Build.0 = Debug|Any CPU
		{2A1C0E11-08BC-4FFC-BBD0-CCE4E4CE0926}.Release|Any CPU.ActiveCfg = Release|Any CPU
		{2A1C0E11-08BC-4FFC-BBD0-CCE4E4CE0926}.Release|Any CPU.Build.0 = Release|Any CPU
	EndGlobalSection
	GlobalSection(SolutionProperties) = preSolution
		HideSolutionNode = FALSE
	EndGlobalSection
	GlobalSection(ExtensibilityGlobals) = postSolution
		SolutionGuid = {529A7DCE-7620-4968-A462-D4E6A9AF2A01}
	EndGlobalSection
EndGlobal
