
Microsoft Visual Studio Solution File, Format Version 12.00
# Visual Studio 15
VisualStudioVersion = 15.0.28307.1267
MinimumVisualStudioVersion = 10.0.40219.1
Project("{FAE04EC0-301F-11D3-BF4B-00C04F79EFBC}") = "LearningHashTables", "LearningHashTables\LearningHashTables.csproj", "{37625CB2-5385-4199-9E30-C95DEBB68346}"
EndProject
Global
	GlobalSection(SolutionConfigurationPlatforms) = preSolution
		Debug|Any CPU = Debug|Any CPU
		Release|Any CPU = Release|Any CPU
	EndGlobalSection
	GlobalSection(ProjectConfigurationPlatforms) = postSolution
		{37625CB2-5385-4199-9E30-C95DEBB68346}.Debug|Any CPU.ActiveCfg = Debug|Any CPU
		{37625CB2-5385-4199-9E30-C95DEBB68346}.Debug|Any CPU.Build.0 = Debug|Any CPU
		{37625CB2-5385-4199-9E30-C95DEBB68346}.Release|Any CPU.ActiveCfg = Release|Any CPU
		{37625CB2-5385-4199-9E30-C95DEBB68346}.Release|Any CPU.Build.0 = Release|Any CPU
	EndGlobalSection
	GlobalSection(SolutionProperties) = preSolution
		HideSolutionNode = FALSE
	EndGlobalSection
	GlobalSection(ExtensibilityGlobals) = postSolution
		SolutionGuid = {44093E19-BA7C-4F67-9B65-C03D8F7055C9}
	EndGlobalSection
EndGlobal
