
Microsoft Visual Studio Solution File, Format Version 12.00
# Visual Studio 15
VisualStudioVersion = 15.0.28307.1267
MinimumVisualStudioVersion = 10.0.40219.1
Project("{FAE04EC0-301F-11D3-BF4B-00C04F79EFBC}") = "LearningAsyncAwait", "LearningAsyncAwait\LearningAsyncAwait.csproj", "{C64FA21E-E332-4E4C-869B-4C30F4B18521}"
EndProject
Global
	GlobalSection(SolutionConfigurationPlatforms) = preSolution
		Debug|Any CPU = Debug|Any CPU
		Release|Any CPU = Release|Any CPU
	EndGlobalSection
	GlobalSection(ProjectConfigurationPlatforms) = postSolution
		{C64FA21E-E332-4E4C-869B-4C30F4B18521}.Debug|Any CPU.ActiveCfg = Debug|Any CPU
		{C64FA21E-E332-4E4C-869B-4C30F4B18521}.Debug|Any CPU.Build.0 = Debug|Any CPU
		{C64FA21E-E332-4E4C-869B-4C30F4B18521}.Release|Any CPU.ActiveCfg = Release|Any CPU
		{C64FA21E-E332-4E4C-869B-4C30F4B18521}.Release|Any CPU.Build.0 = Release|Any CPU
	EndGlobalSection
	GlobalSection(SolutionProperties) = preSolution
		HideSolutionNode = FALSE
	EndGlobalSection
	GlobalSection(ExtensibilityGlobals) = postSolution
		SolutionGuid = {CE5601D3-9C9F-4928-BF30-80630327F6B5}
	EndGlobalSection
EndGlobal
