
Microsoft Visual Studio Solution File, Format Version 12.00
# Visual Studio 15
VisualStudioVersion = 15.0.28307.1267
MinimumVisualStudioVersion = 10.0.40219.1
Project("{FAE04EC0-301F-11D3-BF4B-00C04F79EFBC}") = "LearningAnonymousFunctions", "LearningAnonymousFunctions\LearningAnonymousFunctions.csproj", "{94565976-18CB-48DD-A13A-C0936DF6B80B}"
EndProject
Global
	GlobalSection(SolutionConfigurationPlatforms) = preSolution
		Debug|Any CPU = Debug|Any CPU
		Release|Any CPU = Release|Any CPU
	EndGlobalSection
	GlobalSection(ProjectConfigurationPlatforms) = postSolution
		{94565976-18CB-48DD-A13A-C0936DF6B80B}.Debug|Any CPU.ActiveCfg = Debug|Any CPU
		{94565976-18CB-48DD-A13A-C0936DF6B80B}.Debug|Any CPU.Build.0 = Debug|Any CPU
		{94565976-18CB-48DD-A13A-C0936DF6B80B}.Release|Any CPU.ActiveCfg = Release|Any CPU
		{94565976-18CB-48DD-A13A-C0936DF6B80B}.Release|Any CPU.Build.0 = Release|Any CPU
	EndGlobalSection
	GlobalSection(SolutionProperties) = preSolution
		HideSolutionNode = FALSE
	EndGlobalSection
	GlobalSection(ExtensibilityGlobals) = postSolution
		SolutionGuid = {80B0B9DE-8BB3-4F29-B60D-F59852C4EDA7}
	EndGlobalSection
EndGlobal
