
Microsoft Visual Studio Solution File, Format Version 12.00
# Visual Studio 15
VisualStudioVersion = 15.0.28307.1267
MinimumVisualStudioVersion = 10.0.40219.1
Project("{FAE04EC0-301F-11D3-BF4B-00C04F79EFBC}") = "LearningExceptionsFilters", "LearningExceptionsFilters\LearningExceptionsFilters.csproj", "{0FD1CD0E-DAF6-4B83-9650-4A796F8B3697}"
EndProject
Global
	GlobalSection(SolutionConfigurationPlatforms) = preSolution
		Debug|Any CPU = Debug|Any CPU
		Release|Any CPU = Release|Any CPU
	EndGlobalSection
	GlobalSection(ProjectConfigurationPlatforms) = postSolution
		{0FD1CD0E-DAF6-4B83-9650-4A796F8B3697}.Debug|Any CPU.ActiveCfg = Debug|Any CPU
		{0FD1CD0E-DAF6-4B83-9650-4A796F8B3697}.Debug|Any CPU.Build.0 = Debug|Any CPU
		{0FD1CD0E-DAF6-4B83-9650-4A796F8B3697}.Release|Any CPU.ActiveCfg = Release|Any CPU
		{0FD1CD0E-DAF6-4B83-9650-4A796F8B3697}.Release|Any CPU.Build.0 = Release|Any CPU
	EndGlobalSection
	GlobalSection(SolutionProperties) = preSolution
		HideSolutionNode = FALSE
	EndGlobalSection
	GlobalSection(ExtensibilityGlobals) = postSolution
		SolutionGuid = {AD09D03C-4CB3-4215-A55B-9420E582669F}
	EndGlobalSection
EndGlobal
