
Microsoft Visual Studio Solution File, Format Version 12.00
# Visual Studio 15
VisualStudioVersion = 15.0.28307.1267
MinimumVisualStudioVersion = 10.0.40219.1
Project("{FAE04EC0-301F-11D3-BF4B-00C04F79EFBC}") = "LearningArrayLists", "LearningArrayLists\LearningArrayLists.csproj", "{A56445D5-3677-4024-A758-BD474F257298}"
EndProject
Global
	GlobalSection(SolutionConfigurationPlatforms) = preSolution
		Debug|Any CPU = Debug|Any CPU
		Release|Any CPU = Release|Any CPU
	EndGlobalSection
	GlobalSection(ProjectConfigurationPlatforms) = postSolution
		{A56445D5-3677-4024-A758-BD474F257298}.Debug|Any CPU.ActiveCfg = Debug|Any CPU
		{A56445D5-3677-4024-A758-BD474F257298}.Debug|Any CPU.Build.0 = Debug|Any CPU
		{A56445D5-3677-4024-A758-BD474F257298}.Release|Any CPU.ActiveCfg = Release|Any CPU
		{A56445D5-3677-4024-A758-BD474F257298}.Release|Any CPU.Build.0 = Release|Any CPU
	EndGlobalSection
	GlobalSection(SolutionProperties) = preSolution
		HideSolutionNode = FALSE
	EndGlobalSection
	GlobalSection(ExtensibilityGlobals) = postSolution
		SolutionGuid = {0DD392E6-7351-460D-9D4E-AC5E145D9EBA}
	EndGlobalSection
EndGlobal
